// !$*UTF8*$!
{
	archiveVersion = 1;
	classes = {
	};
	objectVersion = 50;
	objects = {

/* Begin PBXBuildFile section */
		15CDA4B12357639F00928751 /* AppDelegate.swift in Sources */ = {isa = PBXBuildFile; fileRef = 15CDA4B02357639F00928751 /* AppDelegate.swift */; };
		15CDA4B32357639F00928751 /* SceneDelegate.swift in Sources */ = {isa = PBXBuildFile; fileRef = 15CDA4B22357639F00928751 /* SceneDelegate.swift */; };
		15CDA4B62357639F00928751 /* DiggindDiamonds.xcdatamodeld in Sources */ = {isa = PBXBuildFile; fileRef = 15CDA4B42357639F00928751 /* DiggindDiamonds.xcdatamodeld */; };
		15CDA4B82357639F00928751 /* ContentView.swift in Sources */ = {isa = PBXBuildFile; fileRef = 15CDA4B72357639F00928751 /* ContentView.swift */; };
		15CDA4BA235763A000928751 /* Assets.xcassets in Resources */ = {isa = PBXBuildFile; fileRef = 15CDA4B9235763A000928751 /* Assets.xcassets */; };
		15CDA4BD235763A000928751 /* Preview Assets.xcassets in Resources */ = {isa = PBXBuildFile; fileRef = 15CDA4BC235763A000928751 /* Preview Assets.xcassets */; };
		15CDA4C0235763A000928751 /* LaunchScreen.storyboard in Resources */ = {isa = PBXBuildFile; fileRef = 15CDA4BE235763A000928751 /* LaunchScreen.storyboard */; };
		15CDA4CB235763A000928751 /* DiggindDiamondsTests.swift in Sources */ = {isa = PBXBuildFile; fileRef = 15CDA4CA235763A000928751 /* DiggindDiamondsTests.swift */; };
		15CDA4D6235763A000928751 /* DiggindDiamondsUITests.swift in Sources */ = {isa = PBXBuildFile; fileRef = 15CDA4D5235763A000928751 /* DiggindDiamondsUITests.swift */; };
/* End PBXBuildFile section */

/* Begin PBXContainerItemProxy section */
		15CDA4C7235763A000928751 /* PBXContainerItemProxy */ = {
			isa = PBXContainerItemProxy;
			containerPortal = 15CDA4A52357639F00928751 /* Project object */;
			proxyType = 1;
			remoteGlobalIDString = 15CDA4AC2357639F00928751;
			remoteInfo = DiggindDiamonds;
		};
		15CDA4D2235763A000928751 /* PBXContainerItemProxy */ = {
			isa = PBXContainerItemProxy;
			containerPortal = 15CDA4A52357639F00928751 /* Project object */;
			proxyType = 1;
			remoteGlobalIDString = 15CDA4AC2357639F00928751;
			remoteInfo = DiggindDiamonds;
		};
/* End PBXContainerItemProxy section */

/* Begin PBXFileReference section */
		15CDA4AD2357639F00928751 /* DiggindDiamonds.app */ = {isa = PBXFileReference; explicitFileType = wrapper.application; includeInIndex = 0; path = DiggindDiamonds.app; sourceTree = BUILT_PRODUCTS_DIR; };
		15CDA4B02357639F00928751 /* AppDelegate.swift */ = {isa = PBXFileReference; lastKnownFileType = sourcecode.swift; path = AppDelegate.swift; sourceTree = "<group>"; };
		15CDA4B22357639F00928751 /* SceneDelegate.swift */ = {isa = PBXFileReference; lastKnownFileType = sourcecode.swift; path = SceneDelegate.swift; sourceTree = "<group>"; };
		15CDA4B52357639F00928751 /* DiggindDiamonds.xcdatamodel */ = {isa = PBXFileReference; lastKnownFileType = wrapper.xcdatamodel; path = DiggindDiamonds.xcdatamodel; sourceTree = "<group>"; };
		15CDA4B72357639F00928751 /* ContentView.swift */ = {isa = PBXFileReference; lastKnownFileType = sourcecode.swift; path = ContentView.swift; sourceTree = "<group>"; };
		15CDA4B9235763A000928751 /* Assets.xcassets */ = {isa = PBXFileReference; lastKnownFileType = folder.assetcatalog; path = Assets.xcassets; sourceTree = "<group>"; };
		15CDA4BC235763A000928751 /* Preview Assets.xcassets */ = {isa = PBXFileReference; lastKnownFileType = folder.assetcatalog; path = "Preview Assets.xcassets"; sourceTree = "<group>"; };
		15CDA4BF235763A000928751 /* Base */ = {isa = PBXFileReference; lastKnownFileType = file.storyboard; name = Base; path = Base.lproj/LaunchScreen.storyboard; sourceTree = "<group>"; };
		15CDA4C1235763A000928751 /* Info.plist */ = {isa = PBXFileReference; lastKnownFileType = text.plist.xml; path = Info.plist; sourceTree = "<group>"; };
		15CDA4C6235763A000928751 /* DiggindDiamondsTests.xctest */ = {isa = PBXFileReference; explicitFileType = wrapper.cfbundle; includeInIndex = 0; path = DiggindDiamondsTests.xctest; sourceTree = BUILT_PRODUCTS_DIR; };
		15CDA4CA235763A000928751 /* DiggindDiamondsTests.swift */ = {isa = PBXFileReference; lastKnownFileType = sourcecode.swift; path = DiggindDiamondsTests.swift; sourceTree = "<group>"; };
		15CDA4CC235763A000928751 /* Info.plist */ = {isa = PBXFileReference; lastKnownFileType = text.plist.xml; path = Info.plist; sourceTree = "<group>"; };
		15CDA4D1235763A000928751 /* DiggindDiamondsUITests.xctest */ = {isa = PBXFileReference; explicitFileType = wrapper.cfbundle; includeInIndex = 0; path = DiggindDiamondsUITests.xctest; sourceTree = BUILT_PRODUCTS_DIR; };
		15CDA4D5235763A000928751 /* DiggindDiamondsUITests.swift */ = {isa = PBXFileReference; lastKnownFileType = sourcecode.swift; path = DiggindDiamondsUITests.swift; sourceTree = "<group>"; };
		15CDA4D7235763A000928751 /* Info.plist */ = {isa = PBXFileReference; lastKnownFileType = text.plist.xml; path = Info.plist; sourceTree = "<group>"; };
/* End PBXFileReference section */

/* Begin PBXFrameworksBuildPhase section */
		15CDA4AA2357639F00928751 /* Frameworks */ = {
			isa = PBXFrameworksBuildPhase;
			buildActionMask = 2147483647;
			files = (
			);
			runOnlyForDeploymentPostprocessing = 0;
		};
		15CDA4C3235763A000928751 /* Frameworks */ = {
			isa = PBXFrameworksBuildPhase;
			buildActionMask = 2147483647;
			files = (
			);
			runOnlyForDeploymentPostprocessing = 0;
		};
		15CDA4CE235763A000928751 /* Frameworks */ = {
			isa = PBXFrameworksBuildPhase;
			buildActionMask = 2147483647;
			files = (
			);
			runOnlyForDeploymentPostprocessing = 0;
		};
/* End PBXFrameworksBuildPhase section */

/* Begin PBXGroup section */
		15CDA4A42357639F00928751 = {
			isa = PBXGroup;
			children = (
				15CDA4AF2357639F00928751 /* DiggindDiamonds */,
				15CDA4C9235763A000928751 /* DiggindDiamondsTests */,
				15CDA4D4235763A000928751 /* DiggindDiamondsUITests */,
				15CDA4AE2357639F00928751 /* Products */,
			);
			sourceTree = "<group>";
		};
		15CDA4AE2357639F00928751 /* Products */ = {
			isa = PBXGroup;
			children = (
				15CDA4AD2357639F00928751 /* DiggindDiamonds.app */,
				15CDA4C6235763A000928751 /* DiggindDiamondsTests.xctest */,
				15CDA4D1235763A000928751 /* DiggindDiamondsUITests.xctest */,
			);
			name = Products;
			sourceTree = "<group>";
		};
		15CDA4AF2357639F00928751 /* DiggindDiamonds */ = {
			isa = PBXGroup;
			children = (
				15CDA4B02357639F00928751 /* AppDelegate.swift */,
				15CDA4B22357639F00928751 /* SceneDelegate.swift */,
				15CDA4B72357639F00928751 /* ContentView.swift */,
				15CDA4B9235763A000928751 /* Assets.xcassets */,
				15CDA4BE235763A000928751 /* LaunchScreen.storyboard */,
				15CDA4C1235763A000928751 /* Info.plist */,
				15CDA4B42357639F00928751 /* DiggindDiamonds.xcdatamodeld */,
				15CDA4BB235763A000928751 /* Preview Content */,
			);
			path = DiggindDiamonds;
			sourceTree = "<group>";
		};
		15CDA4BB235763A000928751 /* Preview Content */ = {
			isa = PBXGroup;
			children = (
				15CDA4BC235763A000928751 /* Preview Assets.xcassets */,
			);
			path = "Preview Content";
			sourceTree = "<group>";
		};
		15CDA4C9235763A000928751 /* DiggindDiamondsTests */ = {
			isa = PBXGroup;
			children = (
				15CDA4CA235763A000928751 /* DiggindDiamondsTests.swift */,
				15CDA4CC235763A000928751 /* Info.plist */,
			);
			path = DiggindDiamondsTests;
			sourceTree = "<group>";
		};
		15CDA4D4235763A000928751 /* DiggindDiamondsUITests */ = {
			isa = PBXGroup;
			children = (
				15CDA4D5235763A000928751 /* DiggindDiamondsUITests.swift */,
				15CDA4D7235763A000928751 /* Info.plist */,
			);
			path = DiggindDiamondsUITests;
			sourceTree = "<group>";
		};
/* End PBXGroup section */

/* Begin PBXNativeTarget section */
		15CDA4AC2357639F00928751 /* DiggindDiamonds */ = {
			isa = PBXNativeTarget;
			buildConfigurationList = 15CDA4DA235763A000928751 /* Build configuration list for PBXNativeTarget "DiggindDiamonds" */;
			buildPhases = (
				15CDA4A92357639F00928751 /* Sources */,
				15CDA4AA2357639F00928751 /* Frameworks */,
				15CDA4AB2357639F00928751 /* Resources */,
			);
			buildRules = (
			);
			dependencies = (
			);
			name = DiggindDiamonds;
			productName = DiggindDiamonds;
			productReference = 15CDA4AD2357639F00928751 /* DiggindDiamonds.app */;
			productType = "com.apple.product-type.application";
		};
		15CDA4C5235763A000928751 /* DiggindDiamondsTests */ = {
			isa = PBXNativeTarget;
			buildConfigurationList = 15CDA4DD235763A000928751 /* Build configuration list for PBXNativeTarget "DiggindDiamondsTests" */;
			buildPhases = (
				15CDA4C2235763A000928751 /* Sources */,
				15CDA4C3235763A000928751 /* Frameworks */,
				15CDA4C4235763A000928751 /* Resources */,
			);
			buildRules = (
			);
			dependencies = (
				15CDA4C8235763A000928751 /* PBXTargetDependency */,
			);
			name = DiggindDiamondsTests;
			productName = DiggindDiamondsTests;
			productReference = 15CDA4C6235763A000928751 /* DiggindDiamondsTests.xctest */;
			productType = "com.apple.product-type.bundle.unit-test";
		};
		15CDA4D0235763A000928751 /* DiggindDiamondsUITests */ = {
			isa = PBXNativeTarget;
			buildConfigurationList = 15CDA4E0235763A000928751 /* Build configuration list for PBXNativeTarget "DiggindDiamondsUITests" */;
			buildPhases = (
				15CDA4CD235763A000928751 /* Sources */,
				15CDA4CE235763A000928751 /* Frameworks */,
				15CDA4CF235763A000928751 /* Resources */,
			);
			buildRules = (
			);
			dependencies = (
				15CDA4D3235763A000928751 /* PBXTargetDependency */,
			);
			name = DiggindDiamondsUITests;
			productName = DiggindDiamondsUITests;
			productReference = 15CDA4D1235763A000928751 /* DiggindDiamondsUITests.xctest */;
			productType = "com.apple.product-type.bundle.ui-testing";
		};
/* End PBXNativeTarget section */

/* Begin PBXProject section */
		15CDA4A52357639F00928751 /* Project object */ = {
			isa = PBXProject;
			attributes = {
				LastSwiftUpdateCheck = 1100;
				LastUpgradeCheck = 1100;
				ORGANIZATIONNAME = "Juergen Boiselle";
				TargetAttributes = {
					15CDA4AC2357639F00928751 = {
						CreatedOnToolsVersion = 11.0;
					};
					15CDA4C5235763A000928751 = {
						CreatedOnToolsVersion = 11.0;
						TestTargetID = 15CDA4AC2357639F00928751;
					};
					15CDA4D0235763A000928751 = {
						CreatedOnToolsVersion = 11.0;
						TestTargetID = 15CDA4AC2357639F00928751;
					};
				};
			};
			buildConfigurationList = 15CDA4A82357639F00928751 /* Build configuration list for PBXProject "DiggindDiamonds" */;
			compatibilityVersion = "Xcode 9.3";
			developmentRegion = en;
			hasScannedForEncodings = 0;
			knownRegions = (
				en,
				Base,
			);
			mainGroup = 15CDA4A42357639F00928751;
			productRefGroup = 15CDA4AE2357639F00928751 /* Products */;
			projectDirPath = "";
			projectRoot = "";
			targets = (
				15CDA4AC2357639F00928751 /* DiggindDiamonds */,
				15CDA4C5235763A000928751 /* DiggindDiamondsTests */,
				15CDA4D0235763A000928751 /* DiggindDiamondsUITests */,
			);
		};
/* End PBXProject section */

/* Begin PBXResourcesBuildPhase section */
		15CDA4AB2357639F00928751 /* Resources */ = {
			isa = PBXResourcesBuildPhase;
			buildActionMask = 2147483647;
			files = (
				15CDA4C0235763A000928751 /* LaunchScreen.storyboard in Resources */,
				15CDA4BD235763A000928751 /* Preview Assets.xcassets in Resources */,
				15CDA4BA235763A000928751 /* Assets.xcassets in Resources */,
			);
			runOnlyForDeploymentPostprocessing = 0;
		};
		15CDA4C4235763A000928751 /* Resources */ = {
			isa = PBXResourcesBuildPhase;
			buildActionMask = 2147483647;
			files = (
			);
			runOnlyForDeploymentPostprocessing = 0;
		};
		15CDA4CF235763A000928751 /* Resources */ = {
			isa = PBXResourcesBuildPhase;
			buildActionMask = 2147483647;
			files = (
			);
			runOnlyForDeploymentPostprocessing = 0;
		};
/* End PBXResourcesBuildPhase section */

/* Begin PBXSourcesBuildPhase section */
		15CDA4A92357639F00928751 /* Sources */ = {
			isa = PBXSourcesBuildPhase;
			buildActionMask = 2147483647;
			files = (
				15CDA4B12357639F00928751 /* AppDelegate.swift in Sources */,
				15CDA4B62357639F00928751 /* DiggindDiamonds.xcdatamodeld in Sources */,
				15CDA4B82357639F00928751 /* ContentView.swift in Sources */,
				15CDA4B32357639F00928751 /* SceneDelegate.swift in Sources */,
			);
			runOnlyForDeploymentPostprocessing = 0;
		};
		15CDA4C2235763A000928751 /* Sources */ = {
			isa = PBXSourcesBuildPhase;
			buildActionMask = 2147483647;
			files = (
				15CDA4CB235763A000928751 /* DiggindDiamondsTests.swift in Sources */,
			);
			runOnlyForDeploymentPostprocessing = 0;
		};
		15CDA4CD235763A000928751 /* Sources */ = {
			isa = PBXSourcesBuildPhase;
			buildActionMask = 2147483647;
			files = (
				15CDA4D6235763A000928751 /* DiggindDiamondsUITests.swift in Sources */,
			);
			runOnlyForDeploymentPostprocessing = 0;
		};
/* End PBXSourcesBuildPhase section */

/* Begin PBXTargetDependency section */
		15CDA4C8235763A000928751 /* PBXTargetDependency */ = {
			isa = PBXTargetDependency;
			target = 15CDA4AC2357639F00928751 /* DiggindDiamonds */;
			targetProxy = 15CDA4C7235763A000928751 /* PBXContainerItemProxy */;
		};
		15CDA4D3235763A000928751 /* PBXTargetDependency */ = {
			isa = PBXTargetDependency;
			target = 15CDA4AC2357639F00928751 /* DiggindDiamonds */;
			targetProxy = 15CDA4D2235763A000928751 /* PBXContainerItemProxy */;
		};
/* End PBXTargetDependency section */

/* Begin PBXVariantGroup section */
		15CDA4BE235763A000928751 /* LaunchScreen.storyboard */ = {
			isa = PBXVariantGroup;
			children = (
				15CDA4BF235763A000928751 /* Base */,
			);
			name = LaunchScreen.storyboard;
			sourceTree = "<group>";
		};
/* End PBXVariantGroup section */

/* Begin XCBuildConfiguration section */
		15CDA4D8235763A000928751 /* Debug */ = {
			isa = XCBuildConfiguration;
			buildSettings = {
				ALWAYS_SEARCH_USER_PATHS = NO;
				CLANG_ANALYZER_NONNULL = YES;
				CLANG_ANALYZER_NUMBER_OBJECT_CONVERSION = YES_AGGRESSIVE;
				CLANG_CXX_LANGUAGE_STANDARD = "gnu++14";
				CLANG_CXX_LIBRARY = "libc++";
				CLANG_ENABLE_MODULES = YES;
				CLANG_ENABLE_OBJC_ARC = YES;
				CLANG_ENABLE_OBJC_WEAK = YES;
				CLANG_WARN_BLOCK_CAPTURE_AUTORELEASING = YES;
				CLANG_WARN_BOOL_CONVERSION = YES;
				CLANG_WARN_COMMA = YES;
				CLANG_WARN_CONSTANT_CONVERSION = YES;
				CLANG_WARN_DEPRECATED_OBJC_IMPLEMENTATIONS = YES;
				CLANG_WARN_DIRECT_OBJC_ISA_USAGE = YES_ERROR;
				CLANG_WARN_DOCUMENTATION_COMMENTS = YES;
				CLANG_WARN_EMPTY_BODY = YES;
				CLANG_WARN_ENUM_CONVERSION = YES;
				CLANG_WARN_INFINITE_RECURSION = YES;
				CLANG_WARN_INT_CONVERSION = YES;
				CLANG_WARN_NON_LITERAL_NULL_CONVERSION = YES;
				CLANG_WARN_OBJC_IMPLICIT_RETAIN_SELF = YES;
				CLANG_WARN_OBJC_LITERAL_CONVERSION = YES;
				CLANG_WARN_OBJC_ROOT_CLASS = YES_ERROR;
				CLANG_WARN_RANGE_LOOP_ANALYSIS = YES;
				CLANG_WARN_STRICT_PROTOTYPES = YES;
				CLANG_WARN_SUSPICIOUS_MOVE = YES;
				CLANG_WARN_UNGUARDED_AVAILABILITY = YES_AGGRESSIVE;
				CLANG_WARN_UNREACHABLE_CODE = YES;
				CLANG_WARN__DUPLICATE_METHOD_MATCH = YES;
				COPY_PHASE_STRIP = NO;
				DEBUG_INFORMATION_FORMAT = dwarf;
				ENABLE_STRICT_OBJC_MSGSEND = YES;
				ENABLE_TESTABILITY = YES;
				GCC_C_LANGUAGE_STANDARD = gnu11;
				GCC_DYNAMIC_NO_PIC = NO;
				GCC_NO_COMMON_BLOCKS = YES;
				GCC_OPTIMIZATION_LEVEL = 0;
				GCC_PREPROCESSOR_DEFINITIONS = (
					"DEBUG=1",
					"$(inherited)",
				);
				GCC_WARN_64_TO_32_BIT_CONVERSION = YES;
				GCC_WARN_ABOUT_RETURN_TYPE = YES_ERROR;
				GCC_WARN_UNDECLARED_SELECTOR = YES;
				GCC_WARN_UNINITIALIZED_AUTOS = YES_AGGRESSIVE;
				GCC_WARN_UNUSED_FUNCTION = YES;
				GCC_WARN_UNUSED_VARIABLE = YES;
				IPHONEOS_DEPLOYMENT_TARGET = 13.0;
				MTL_ENABLE_DEBUG_INFO = INCLUDE_SOURCE;
				MTL_FAST_MATH = YES;
				ONLY_ACTIVE_ARCH = YES;
				SDKROOT = iphoneos;
				SWIFT_ACTIVE_COMPILATION_CONDITIONS = DEBUG;
				SWIFT_OPTIMIZATION_LEVEL = "-Onone";
			};
			name = Debug;
		};
		15CDA4D9235763A000928751 /* Release */ = {
			isa = XCBuildConfiguration;
			buildSettings = {
				ALWAYS_SEARCH_USER_PATHS = NO;
				CLANG_ANALYZER_NONNULL = YES;
				CLANG_ANALYZER_NUMBER_OBJECT_CONVERSION = YES_AGGRESSIVE;
				CLANG_CXX_LANGUAGE_STANDARD = "gnu++14";
				CLANG_CXX_LIBRARY = "libc++";
				CLANG_ENABLE_MODULES = YES;
				CLANG_ENABLE_OBJC_ARC = YES;
				CLANG_ENABLE_OBJC_WEAK = YES;
				CLANG_WARN_BLOCK_CAPTURE_AUTORELEASING = YES;
				CLANG_WARN_BOOL_CONVERSION = YES;
				CLANG_WARN_COMMA = YES;
				CLANG_WARN_CONSTANT_CONVERSION = YES;
				CLANG_WARN_DEPRECATED_OBJC_IMPLEMENTATIONS = YES;
				CLANG_WARN_DIRECT_OBJC_ISA_USAGE = YES_ERROR;
				CLANG_WARN_DOCUMENTATION_COMMENTS = YES;
				CLANG_WARN_EMPTY_BODY = YES;
				CLANG_WARN_ENUM_CONVERSION = YES;
				CLANG_WARN_INFINITE_RECURSION = YES;
				CLANG_WARN_INT_CONVERSION = YES;
				CLANG_WARN_NON_LITERAL_NULL_CONVERSION = YES;
				CLANG_WARN_OBJC_IMPLICIT_RETAIN_SELF = YES;
				CLANG_WARN_OBJC_LITERAL_CONVERSION = YES;
				CLANG_WARN_OBJC_ROOT_CLASS = YES_ERROR;
				CLANG_WARN_RANGE_LOOP_ANALYSIS = YES;
				CLANG_WARN_STRICT_PROTOTYPES = YES;
				CLANG_WARN_SUSPICIOUS_MOVE = YES;
				CLANG_WARN_UNGUARDED_AVAILABILITY = YES_AGGRESSIVE;
				CLANG_WARN_UNREACHABLE_CODE = YES;
				CLANG_WARN__DUPLICATE_METHOD_MATCH = YES;
				COPY_PHASE_STRIP = NO;
				DEBUG_INFORMATION_FORMAT = "dwarf-with-dsym";
				ENABLE_NS_ASSERTIONS = NO;
				ENABLE_STRICT_OBJC_MSGSEND = YES;
				GCC_C_LANGUAGE_STANDARD = gnu11;
				GCC_NO_COMMON_BLOCKS = YES;
				GCC_WARN_64_TO_32_BIT_CONVERSION = YES;
				GCC_WARN_ABOUT_RETURN_TYPE = YES_ERROR;
				GCC_WARN_UNDECLARED_SELECTOR = YES;
				GCC_WARN_UNINITIALIZED_AUTOS = YES_AGGRESSIVE;
				GCC_WARN_UNUSED_FUNCTION = YES;
				GCC_WARN_UNUSED_VARIABLE = YES;
				IPHONEOS_DEPLOYMENT_TARGET = 13.0;
				MTL_ENABLE_DEBUG_INFO = NO;
				MTL_FAST_MATH = YES;
				SDKROOT = iphoneos;
				SWIFT_COMPILATION_MODE = wholemodule;
				SWIFT_OPTIMIZATION_LEVEL = "-O";
				VALIDATE_PRODUCT = YES;
			};
			name = Release;
		};
		15CDA4DB235763A000928751 /* Debug */ = {
			isa = XCBuildConfiguration;
			buildSettings = {
				ASSETCATALOG_COMPILER_APPICON_NAME = AppIcon;
				CODE_SIGN_STYLE = Automatic;
				DEVELOPMENT_ASSET_PATHS = "\"DiggindDiamonds/Preview Content\"";
				DEVELOPMENT_TEAM = YW52XX5QKJ;
				ENABLE_PREVIEWS = YES;
				INFOPLIST_FILE = DiggindDiamonds/Info.plist;
				LD_RUNPATH_SEARCH_PATHS = (
					"$(inherited)",
					"@executable_path/Frameworks",
				);
				PRODUCT_BUNDLE_IDENTIFIER = apps4live.DiggindDiamonds;
				PRODUCT_NAME = "$(TARGET_NAME)";
				SWIFT_VERSION = 5.0;
				TARGETED_DEVICE_FAMILY = "1,2";
			};
			name = Debug;
		};
		15CDA4DC235763A000928751 /* Release */ = {
			isa = XCBuildConfiguration;
			buildSettings = {
				ASSETCATALOG_COMPILER_APPICON_NAME = AppIcon;
				CODE_SIGN_STYLE = Automatic;
				DEVELOPMENT_ASSET_PATHS = "\"DiggindDiamonds/Preview Content\"";
				DEVELOPMENT_TEAM = YW52XX5QKJ;
				ENABLE_PREVIEWS = YES;
				INFOPLIST_FILE = DiggindDiamonds/Info.plist;
				LD_RUNPATH_SEARCH_PATHS = (
					"$(inherited)",
					"@executable_path/Frameworks",
				);
				PRODUCT_BUNDLE_IDENTIFIER = apps4live.DiggindDiamonds;
				PRODUCT_NAME = "$(TARGET_NAME)";
				SWIFT_VERSION = 5.0;
				TARGETED_DEVICE_FAMILY = "1,2";
			};
			name = Release;
		};
		15CDA4DE235763A000928751 /* Debug */ = {
			isa = XCBuildConfiguration;
			buildSettings = {
				ALWAYS_EMBED_SWIFT_STANDARD_LIBRARIES = YES;
				BUNDLE_LOADER = "$(TEST_HOST)";
				CODE_SIGN_STYLE = Automatic;
				DEVELOPMENT_TEAM = YW52XX5QKJ;
				INFOPLIST_FILE = DiggindDiamondsTests/Info.plist;
				IPHONEOS_DEPLOYMENT_TARGET = 13.0;
				LD_RUNPATH_SEARCH_PATHS = (
					"$(inherited)",
					"@executable_path/Frameworks",
					"@loader_path/Frameworks",
				);
				PRODUCT_BUNDLE_IDENTIFIER = apps4live.DiggindDiamondsTests;
				PRODUCT_NAME = "$(TARGET_NAME)";
				SWIFT_VERSION = 5.0;
				TARGETED_DEVICE_FAMILY = "1,2";
				TEST_HOST = "$(BUILT_PRODUCTS_DIR)/DiggindDiamonds.app/DiggindDiamonds";
			};
			name = Debug;
		};
		15CDA4DF235763A000928751 /* Release */ = {
			isa = XCBuildConfiguration;
			buildSettings = {
				ALWAYS_EMBED_SWIFT_STANDARD_LIBRARIES = YES;
				BUNDLE_LOADER = "$(TEST_HOST)";
				CODE_SIGN_STYLE = Automatic;
				DEVELOPMENT_TEAM = YW52XX5QKJ;
				INFOPLIST_FILE = DiggindDiamondsTests/Info.plist;
				IPHONEOS_DEPLOYMENT_TARGET = 13.0;
				LD_RUNPATH_SEARCH_PATHS = (
					"$(inherited)",
					"@executable_path/Frameworks",
					"@loader_path/Frameworks",
				);
				PRODUCT_BUNDLE_IDENTIFIER = apps4live.DiggindDiamondsTests;
				PRODUCT_NAME = "$(TARGET_NAME)";
				SWIFT_VERSION = 5.0;
				TARGETED_DEVICE_FAMILY = "1,2";
				TEST_HOST = "$(BUILT_PRODUCTS_DIR)/DiggindDiamonds.app/DiggindDiamonds";
			};
			name = Release;
		};
		15CDA4E1235763A000928751 /* Debug */ = {
			isa = XCBuildConfiguration;
			buildSettings = {
				ALWAYS_EMBED_SWIFT_STANDARD_LIBRARIES = YES;
				CODE_SIGN_STYLE = Automatic;
				DEVELOPMENT_TEAM = YW52XX5QKJ;
				INFOPLIST_FILE = DiggindDiamondsUITests/Info.plist;
				LD_RUNPATH_SEARCH_PATHS = (
					"$(inherited)",
					"@executable_path/Frameworks",
					"@loader_path/Frameworks",
				);
				PRODUCT_BUNDLE_IDENTIFIER = apps4live.DiggindDiamondsUITests;
				PRODUCT_NAME = "$(TARGET_NAME)";
				SWIFT_VERSION = 5.0;
				TARGETED_DEVICE_FAMILY = "1,2";
				TEST_TARGET_NAME = DiggindDiamonds;
			};
			name = Debug;
		};
		15CDA4E2235763A000928751 /* Release */ = {
			isa = XCBuildConfiguration;
			buildSettings = {
				ALWAYS_EMBED_SWIFT_STANDARD_LIBRARIES = YES;
				CODE_SIGN_STYLE = Automatic;
				DEVELOPMENT_TEAM = YW52XX5QKJ;
				INFOPLIST_FILE = DiggindDiamondsUITests/Info.plist;
				LD_RUNPATH_SEARCH_PATHS = (
					"$(inherited)",
					"@executable_path/Frameworks",
					"@loader_path/Frameworks",
				);
				PRODUCT_BUNDLE_IDENTIFIER = apps4live.DiggindDiamondsUITests;
				PRODUCT_NAME = "$(TARGET_NAME)";
				SWIFT_VERSION = 5.0;
				TARGETED_DEVICE_FAMILY = "1,2";
				TEST_TARGET_NAME = DiggindDiamonds;
			};
			name = Release;
		};
/* End XCBuildConfiguration section */

/* Begin XCConfigurationList section */
		15CDA4A82357639F00928751 /* Build configuration list for PBXProject "DiggindDiamonds" */ = {
			isa = XCConfigurationList;
			buildConfigurations = (
				15CDA4D8235763A000928751 /* Debug */,
				15CDA4D9235763A000928751 /* Release */,
			);
			defaultConfigurationIsVisible = 0;
			defaultConfigurationName = Release;
		};
		15CDA4DA235763A000928751 /* Build configuration list for PBXNativeTarget "DiggindDiamonds" */ = {
			isa = XCConfigurationList;
			buildConfigurations = (
				15CDA4DB235763A000928751 /* Debug */,
				15CDA4DC235763A000928751 /* Release */,
			);
			defaultConfigurationIsVisible = 0;
			defaultConfigurationName = Release;
		};
		15CDA4DD235763A000928751 /* Build configuration list for PBXNativeTarget "DiggindDiamondsTests" */ = {
			isa = XCConfigurationList;
			buildConfigurations = (
				15CDA4DE235763A000928751 /* Debug */,
				15CDA4DF235763A000928751 /* Release */,
			);
			defaultConfigurationIsVisible = 0;
			defaultConfigurationName = Release;
		};
		15CDA4E0235763A000928751 /* Build configuration list for PBXNativeTarget "DiggindDiamondsUITests" */ = {
			isa = XCConfigurationList;
			buildConfigurations = (
				15CDA4E1235763A000928751 /* Debug */,
				15CDA4E2235763A000928751 /* Release */,
			);
			defaultConfigurationIsVisible = 0;
			defaultConfigurationName = Release;
		};
/* End XCConfigurationList section */

/* Begin XCVersionGroup section */
		15CDA4B42357639F00928751 /* DiggindDiamonds.xcdatamodeld */ = {
			isa = XCVersionGroup;
			children = (
				15CDA4B52357639F00928751 /* DiggindDiamonds.xcdatamodel */,
			);
			currentVersion = 15CDA4B52357639F00928751 /* DiggindDiamonds.xcdatamodel */;
			path = DiggindDiamonds.xcdatamodeld;
			sourceTree = "<group>";
			versionGroupType = wrapper.xcdatamodel;
		};
/* End XCVersionGroup section */
	};
	rootObject = 15CDA4A52357639F00928751 /* Project object */;
}
